
Microsoft Visual Studio Solution File, Format Version 12.00
# Visual Studio Version 16
VisualStudioVersion = 16.0.30002.166
MinimumVisualStudioVersion = 10.0.40219.1
Project("{8BC9CEB8-8B4A-11D0-8D11-00A0C91BC942}") = "Лаба по тех.проге №4. Вариант 16. 2 семм", "..\Лаба по тех.проге №4. Вариант 16. 2 семм\Лаба по тех.проге №4. Вариант 16. 2 семм.vcxproj", "{DD7BAC48-4384-47F7-AF32-EA510D1C91BE}"
EndProject
Global
	GlobalSection(SolutionConfigurationPlatforms) = preSolution
		Debug|x64 = Debug|x64
		Debug|x86 = Debug|x86
		Release|x64 = Release|x64
		Release|x86 = Release|x86
	EndGlobalSection
	GlobalSection(ProjectConfigurationPlatforms) = postSolution
		{DD7BAC48-4384-47F7-AF32-EA510D1C91BE}.Debug|x64.ActiveCfg = Debug|x64
		{DD7BAC48-4384-47F7-AF32-EA510D1C91BE}.Debug|x64.Build.0 = Debug|x64
		{DD7BAC48-4384-47F7-AF32-EA510D1C91BE}.Debug|x86.ActiveCfg = Debug|Win32
		{DD7BAC48-4384-47F7-AF32-EA510D1C91BE}.Debug|x86.Build.0 = Debug|Win32
		{DD7BAC48-4384-47F7-AF32-EA510D1C91BE}.Release|x64.ActiveCfg = Release|x64
		{DD7BAC48-4384-47F7-AF32-EA510D1C91BE}.Release|x64.Build.0 = Release|x64
		{DD7BAC48-4384-47F7-AF32-EA510D1C91BE}.Release|x86.ActiveCfg = Release|Win32
		{DD7BAC48-4384-47F7-AF32-EA510D1C91BE}.Release|x86.Build.0 = Release|Win32
	EndGlobalSection
	GlobalSection(SolutionProperties) = preSolution
		HideSolutionNode = FALSE
	EndGlobalSection
	GlobalSection(ExtensibilityGlobals) = postSolution
		SolutionGuid = {C24EF4CF-4F5C-4C2B-95CF-CA5BF3173F70}
	EndGlobalSection
EndGlobal
